// !$*UTF8*$!
{
	archiveVersion = 1;
	classes = {
	};
	objectVersion = 50;
	objects = {

/* Begin PBXBuildFile section */
		3122234524BCC3E400CB75FA /* TrendingCell.swift in Sources */ = {isa = PBXBuildFile; fileRef = 3122234424BCC3E400CB75FA /* TrendingCell.swift */; };
		3122234724BCC70F00CB75FA /* SubscriptionCell.swift in Sources */ = {isa = PBXBuildFile; fileRef = 3122234624BCC70F00CB75FA /* SubscriptionCell.swift */; };
		3122234924BCD13900CB75FA /* VideoLauncher.swift in Sources */ = {isa = PBXBuildFile; fileRef = 3122234824BCD13900CB75FA /* VideoLauncher.swift */; };
		3183CE4E24B3C24000F56630 /* VideoCell.swift in Sources */ = {isa = PBXBuildFile; fileRef = 3183CE4D24B3C24000F56630 /* VideoCell.swift */; };
		3183CE5024B3C32500F56630 /* MenuBar.swift in Sources */ = {isa = PBXBuildFile; fileRef = 3183CE4F24B3C32500F56630 /* MenuBar.swift */; };
		31879B3F24B79388007D57D2 /* SettingCell.swift in Sources */ = {isa = PBXBuildFile; fileRef = 31879B3E24B79388007D57D2 /* SettingCell.swift */; };
		31879B4124B7BCF6007D57D2 /* APIService.swift in Sources */ = {isa = PBXBuildFile; fileRef = 31879B4024B7BCF6007D57D2 /* APIService.swift */; };
		31879B4324B7CA36007D57D2 /* FeedCell.swift in Sources */ = {isa = PBXBuildFile; fileRef = 31879B4224B7CA36007D57D2 /* FeedCell.swift */; };
		31B353BB24B6294600A8D965 /* Video.swift in Sources */ = {isa = PBXBuildFile; fileRef = 31B353BA24B6294600A8D965 /* Video.swift */; };
		31B353BD24B6721100A8D965 /* SettingLauncher.swift in Sources */ = {isa = PBXBuildFile; fileRef = 31B353BC24B6721100A8D965 /* SettingLauncher.swift */; };
		31E05DB524B3937100768E87 /* AppDelegate.swift in Sources */ = {isa = PBXBuildFile; fileRef = 31E05DB424B3937100768E87 /* AppDelegate.swift */; };
		31E05DB724B3937100768E87 /* SceneDelegate.swift in Sources */ = {isa = PBXBuildFile; fileRef = 31E05DB624B3937100768E87 /* SceneDelegate.swift */; };
		31E05DB924B3937100768E87 /* HomeViewController.swift in Sources */ = {isa = PBXBuildFile; fileRef = 31E05DB824B3937100768E87 /* HomeViewController.swift */; };
		31E05DBE24B3937600768E87 /* Assets.xcassets in Resources */ = {isa = PBXBuildFile; fileRef = 31E05DBD24B3937600768E87 /* Assets.xcassets */; };
		31E05DC124B3937600768E87 /* LaunchScreen.storyboard in Resources */ = {isa = PBXBuildFile; fileRef = 31E05DBF24B3937600768E87 /* LaunchScreen.storyboard */; };
/* End PBXBuildFile section */

/* Begin PBXFileReference section */
		3122234424BCC3E400CB75FA /* TrendingCell.swift */ = {isa = PBXFileReference; lastKnownFileType = sourcecode.swift; path = TrendingCell.swift; sourceTree = "<group>"; };
		3122234624BCC70F00CB75FA /* SubscriptionCell.swift */ = {isa = PBXFileReference; lastKnownFileType = sourcecode.swift; path = SubscriptionCell.swift; sourceTree = "<group>"; };
		3122234824BCD13900CB75FA /* VideoLauncher.swift */ = {isa = PBXFileReference; lastKnownFileType = sourcecode.swift; path = VideoLauncher.swift; sourceTree = "<group>"; };
		3183CE4D24B3C24000F56630 /* VideoCell.swift */ = {isa = PBXFileReference; lastKnownFileType = sourcecode.swift; path = VideoCell.swift; sourceTree = "<group>"; };
		3183CE4F24B3C32500F56630 /* MenuBar.swift */ = {isa = PBXFileReference; lastKnownFileType = sourcecode.swift; path = MenuBar.swift; sourceTree = "<group>"; };
		31879B3E24B79388007D57D2 /* SettingCell.swift */ = {isa = PBXFileReference; lastKnownFileType = sourcecode.swift; path = SettingCell.swift; sourceTree = "<group>"; };
		31879B4024B7BCF6007D57D2 /* APIService.swift */ = {isa = PBXFileReference; lastKnownFileType = sourcecode.swift; path = APIService.swift; sourceTree = "<group>"; };
		31879B4224B7CA36007D57D2 /* FeedCell.swift */ = {isa = PBXFileReference; lastKnownFileType = sourcecode.swift; path = FeedCell.swift; sourceTree = "<group>"; };
		31B353BA24B6294600A8D965 /* Video.swift */ = {isa = PBXFileReference; lastKnownFileType = sourcecode.swift; path = Video.swift; sourceTree = "<group>"; };
		31B353BC24B6721100A8D965 /* SettingLauncher.swift */ = {isa = PBXFileReference; lastKnownFileType = sourcecode.swift; path = SettingLauncher.swift; sourceTree = "<group>"; };
		31E05DB124B3937100768E87 /* YouTobe.app */ = {isa = PBXFileReference; explicitFileType = wrapper.application; includeInIndex = 0; path = YouTobe.app; sourceTree = BUILT_PRODUCTS_DIR; };
		31E05DB424B3937100768E87 /* AppDelegate.swift */ = {isa = PBXFileReference; lastKnownFileType = sourcecode.swift; path = AppDelegate.swift; sourceTree = "<group>"; };
		31E05DB624B3937100768E87 /* SceneDelegate.swift */ = {isa = PBXFileReference; lastKnownFileType = sourcecode.swift; path = SceneDelegate.swift; sourceTree = "<group>"; };
		31E05DB824B3937100768E87 /* HomeViewController.swift */ = {isa = PBXFileReference; lastKnownFileType = sourcecode.swift; path = HomeViewController.swift; sourceTree = "<group>"; };
		31E05DBD24B3937600768E87 /* Assets.xcassets */ = {isa = PBXFileReference; lastKnownFileType = folder.assetcatalog; path = Assets.xcassets; sourceTree = "<group>"; };
		31E05DC024B3937600768E87 /* Base */ = {isa = PBXFileReference; lastKnownFileType = file.storyboard; name = Base; path = Base.lproj/LaunchScreen.storyboard; sourceTree = "<group>"; };
		31E05DC224B3937600768E87 /* Info.plist */ = {isa = PBXFileReference; lastKnownFileType = text.plist.xml; path = Info.plist; sourceTree = "<group>"; };
/* End PBXFileReference section */

/* Begin PBXFrameworksBuildPhase section */
		31E05DAE24B3937100768E87 /* Frameworks */ = {
			isa = PBXFrameworksBuildPhase;
			buildActionMask = 2147483647;
			files = (
			);
			runOnlyForDeploymentPostprocessing = 0;
		};
/* End PBXFrameworksBuildPhase section */

/* Begin PBXGroup section */
		31E05DA824B3937100768E87 = {
			isa = PBXGroup;
			children = (
				31E05DB324B3937100768E87 /* YouTube */,
			);
			sourceTree = "<group>";
		};
		31E05DB224B3937100768E87 /* Products */ = {
			isa = PBXGroup;
			children = (
				31E05DB124B3937100768E87 /* YouTobe.app */,
			);
			name = Products;
			path = ..;
			sourceTree = "<group>";
		};
		31E05DB324B3937100768E87 /* YouTube */ = {
			isa = PBXGroup;
			children = (
				31E05DB424B3937100768E87 /* AppDelegate.swift */,
				31E05DB624B3937100768E87 /* SceneDelegate.swift */,
				3183CE4D24B3C24000F56630 /* VideoCell.swift */,
				31B353BA24B6294600A8D965 /* Video.swift */,
				3183CE4F24B3C32500F56630 /* MenuBar.swift */,
				31879B3E24B79388007D57D2 /* SettingCell.swift */,
				31B353BC24B6721100A8D965 /* SettingLauncher.swift */,
				31879B4224B7CA36007D57D2 /* FeedCell.swift */,
				31E05DB824B3937100768E87 /* HomeViewController.swift */,
				3122234424BCC3E400CB75FA /* TrendingCell.swift */,
				3122234624BCC70F00CB75FA /* SubscriptionCell.swift */,
				3122234824BCD13900CB75FA /* VideoLauncher.swift */,
				31879B4024B7BCF6007D57D2 /* APIService.swift */,
				31E05DBF24B3937600768E87 /* LaunchScreen.storyboard */,
				31E05DBD24B3937600768E87 /* Assets.xcassets */,
				31E05DC224B3937600768E87 /* Info.plist */,
				31E05DB224B3937100768E87 /* Products */,
			);
			path = YouTube;
			sourceTree = "<group>";
		};
/* End PBXGroup section */

/* Begin PBXNativeTarget section */
		31E05DB024B3937100768E87 /* YouTube */ = {
			isa = PBXNativeTarget;
			buildConfigurationList = 31E05DC524B3937600768E87 /* Build configuration list for PBXNativeTarget "YouTube" */;
			buildPhases = (
				31E05DAD24B3937100768E87 /* Sources */,
				31E05DAE24B3937100768E87 /* Frameworks */,
				31E05DAF24B3937100768E87 /* Resources */,
			);
			buildRules = (
			);
			dependencies = (
			);
			name = YouTube;
			productName = YouTube;
			productReference = 31E05DB124B3937100768E87 /* YouTobe.app */;
			productType = "com.apple.product-type.application";
		};
/* End PBXNativeTarget section */

/* Begin PBXProject section */
		31E05DA924B3937100768E87 /* Project object */ = {
			isa = PBXProject;
			attributes = {
				LastSwiftUpdateCheck = 1150;
				LastUpgradeCheck = 1150;
				ORGANIZATIONNAME = "Hanlin Chen";
				TargetAttributes = {
					31E05DB024B3937100768E87 = {
						CreatedOnToolsVersion = 11.5;
					};
				};
			};
			buildConfigurationList = 31E05DAC24B3937100768E87 /* Build configuration list for PBXProject "YouTube" */;
			compatibilityVersion = "Xcode 9.3";
			developmentRegion = en;
			hasScannedForEncodings = 0;
			knownRegions = (
				en,
				Base,
			);
			mainGroup = 31E05DA824B3937100768E87;
			productRefGroup = 31E05DB224B3937100768E87 /* Products */;
			projectDirPath = "";
			projectRoot = "";
			targets = (
				31E05DB024B3937100768E87 /* YouTube */,
			);
		};
/* End PBXProject section */

/* Begin PBXResourcesBuildPhase section */
		31E05DAF24B3937100768E87 /* Resources */ = {
			isa = PBXResourcesBuildPhase;
			buildActionMask = 2147483647;
			files = (
				31E05DC124B3937600768E87 /* LaunchScreen.storyboard in Resources */,
				31E05DBE24B3937600768E87 /* Assets.xcassets in Resources */,
			);
			runOnlyForDeploymentPostprocessing = 0;
		};
/* End PBXResourcesBuildPhase section */

/* Begin PBXSourcesBuildPhase section */
		31E05DAD24B3937100768E87 /* Sources */ = {
			isa = PBXSourcesBuildPhase;
			buildActionMask = 2147483647;
			files = (
				31B353BD24B6721100A8D965 /* SettingLauncher.swift in Sources */,
				31879B4324B7CA36007D57D2 /* FeedCell.swift in Sources */,
				3122234524BCC3E400CB75FA /* TrendingCell.swift in Sources */,
				31E05DB924B3937100768E87 /* HomeViewController.swift in Sources */,
				31879B3F24B79388007D57D2 /* SettingCell.swift in Sources */,
				31B353BB24B6294600A8D965 /* Video.swift in Sources */,
				3183CE4E24B3C24000F56630 /* VideoCell.swift in Sources */,
				3122234924BCD13900CB75FA /* VideoLauncher.swift in Sources */,
				31E05DB524B3937100768E87 /* AppDelegate.swift in Sources */,
				31E05DB724B3937100768E87 /* SceneDelegate.swift in Sources */,
				31879B4124B7BCF6007D57D2 /* APIService.swift in Sources */,
				3122234724BCC70F00CB75FA /* SubscriptionCell.swift in Sources */,
				3183CE5024B3C32500F56630 /* MenuBar.swift in Sources */,
			);
			runOnlyForDeploymentPostprocessing = 0;
		};
/* End PBXSourcesBuildPhase section */

/* Begin PBXVariantGroup section */
		31E05DBF24B3937600768E87 /* LaunchScreen.storyboard */ = {
			isa = PBXVariantGroup;
			children = (
				31E05DC024B3937600768E87 /* Base */,
			);
			name = LaunchScreen.storyboard;
			sourceTree = "<group>";
		};
/* End PBXVariantGroup section */

/* Begin XCBuildConfiguration section */
		31E05DC324B3937600768E87 /* Debug */ = {
			isa = XCBuildConfiguration;
			buildSettings = {
				ALWAYS_SEARCH_USER_PATHS = NO;
				CLANG_ANALYZER_NONNULL = YES;
				CLANG_ANALYZER_NUMBER_OBJECT_CONVERSION = YES_AGGRESSIVE;
				CLANG_CXX_LANGUAGE_STANDARD = "gnu++14";
				CLANG_CXX_LIBRARY = "libc++";
				CLANG_ENABLE_MODULES = YES;
				CLANG_ENABLE_OBJC_ARC = YES;
				CLANG_ENABLE_OBJC_WEAK = YES;
				CLANG_WARN_BLOCK_CAPTURE_AUTORELEASING = YES;
				CLANG_WARN_BOOL_CONVERSION = YES;
				CLANG_WARN_COMMA = YES;
				CLANG_WARN_CONSTANT_CONVERSION = YES;
				CLANG_WARN_DEPRECATED_OBJC_IMPLEMENTATIONS = YES;
				CLANG_WARN_DIRECT_OBJC_ISA_USAGE = YES_ERROR;
				CLANG_WARN_DOCUMENTATION_COMMENTS = YES;
				CLANG_WARN_EMPTY_BODY = YES;
				CLANG_WARN_ENUM_CONVERSION = YES;
				CLANG_WARN_INFINITE_RECURSION = YES;
				CLANG_WARN_INT_CONVERSION = YES;
				CLANG_WARN_NON_LITERAL_NULL_CONVERSION = YES;
				CLANG_WARN_OBJC_IMPLICIT_RETAIN_SELF = YES;
				CLANG_WARN_OBJC_LITERAL_CONVERSION = YES;
				CLANG_WARN_OBJC_ROOT_CLASS = YES_ERROR;
				CLANG_WARN_RANGE_LOOP_ANALYSIS = YES;
				CLANG_WARN_STRICT_PROTOTYPES = YES;
				CLANG_WARN_SUSPICIOUS_MOVE = YES;
				CLANG_WARN_UNGUARDED_AVAILABILITY = YES_AGGRESSIVE;
				CLANG_WARN_UNREACHABLE_CODE = YES;
				CLANG_WARN__DUPLICATE_METHOD_MATCH = YES;
				COPY_PHASE_STRIP = NO;
				DEBUG_INFORMATION_FORMAT = dwarf;
				ENABLE_STRICT_OBJC_MSGSEND = YES;
				ENABLE_TESTABILITY = YES;
				GCC_C_LANGUAGE_STANDARD = gnu11;
				GCC_DYNAMIC_NO_PIC = NO;
				GCC_NO_COMMON_BLOCKS = YES;
				GCC_OPTIMIZATION_LEVEL = 0;
				GCC_PREPROCESSOR_DEFINITIONS = (
					"DEBUG=1",
					"$(inherited)",
				);
				GCC_WARN_64_TO_32_BIT_CONVERSION = YES;
				GCC_WARN_ABOUT_RETURN_TYPE = YES_ERROR;
				GCC_WARN_UNDECLARED_SELECTOR = YES;
				GCC_WARN_UNINITIALIZED_AUTOS = YES_AGGRESSIVE;
				GCC_WARN_UNUSED_FUNCTION = YES;
				GCC_WARN_UNUSED_VARIABLE = YES;
				IPHONEOS_DEPLOYMENT_TARGET = 13.5;
				MTL_ENABLE_DEBUG_INFO = INCLUDE_SOURCE;
				MTL_FAST_MATH = YES;
				ONLY_ACTIVE_ARCH = YES;
				SDKROOT = iphoneos;
				SWIFT_ACTIVE_COMPILATION_CONDITIONS = DEBUG;
				SWIFT_OPTIMIZATION_LEVEL = "-Onone";
			};
			name = Debug;
		};
		31E05DC424B3937600768E87 /* Release */ = {
			isa = XCBuildConfiguration;
			buildSettings = {
				ALWAYS_SEARCH_USER_PATHS = NO;
				CLANG_ANALYZER_NONNULL = YES;
				CLANG_ANALYZER_NUMBER_OBJECT_CONVERSION = YES_AGGRESSIVE;
				CLANG_CXX_LANGUAGE_STANDARD = "gnu++14";
				CLANG_CXX_LIBRARY = "libc++";
				CLANG_ENABLE_MODULES = YES;
				CLANG_ENABLE_OBJC_ARC = YES;
				CLANG_ENABLE_OBJC_WEAK = YES;
				CLANG_WARN_BLOCK_CAPTURE_AUTORELEASING = YES;
				CLANG_WARN_BOOL_CONVERSION = YES;
				CLANG_WARN_COMMA = YES;
				CLANG_WARN_CONSTANT_CONVERSION = YES;
				CLANG_WARN_DEPRECATED_OBJC_IMPLEMENTATIONS = YES;
				CLANG_WARN_DIRECT_OBJC_ISA_USAGE = YES_ERROR;
				CLANG_WARN_DOCUMENTATION_COMMENTS = YES;
				CLANG_WARN_EMPTY_BODY = YES;
				CLANG_WARN_ENUM_CONVERSION = YES;
				CLANG_WARN_INFINITE_RECURSION = YES;
				CLANG_WARN_INT_CONVERSION = YES;
				CLANG_WARN_NON_LITERAL_NULL_CONVERSION = YES;
				CLANG_WARN_OBJC_IMPLICIT_RETAIN_SELF = YES;
				CLANG_WARN_OBJC_LITERAL_CONVERSION = YES;
				CLANG_WARN_OBJC_ROOT_CLASS = YES_ERROR;
				CLANG_WARN_RANGE_LOOP_ANALYSIS = YES;
				CLANG_WARN_STRICT_PROTOTYPES = YES;
				CLANG_WARN_SUSPICIOUS_MOVE = YES;
				CLANG_WARN_UNGUARDED_AVAILABILITY = YES_AGGRESSIVE;
				CLANG_WARN_UNREACHABLE_CODE = YES;
				CLANG_WARN__DUPLICATE_METHOD_MATCH = YES;
				COPY_PHASE_STRIP = NO;
				DEBUG_INFORMATION_FORMAT = "dwarf-with-dsym";
				ENABLE_NS_ASSERTIONS = NO;
				ENABLE_STRICT_OBJC_MSGSEND = YES;
				GCC_C_LANGUAGE_STANDARD = gnu11;
				GCC_NO_COMMON_BLOCKS = YES;
				GCC_WARN_64_TO_32_BIT_CONVERSION = YES;
				GCC_WARN_ABOUT_RETURN_TYPE = YES_ERROR;
				GCC_WARN_UNDECLARED_SELECTOR = YES;
				GCC_WARN_UNINITIALIZED_AUTOS = YES_AGGRESSIVE;
				GCC_WARN_UNUSED_FUNCTION = YES;
				GCC_WARN_UNUSED_VARIABLE = YES;
				IPHONEOS_DEPLOYMENT_TARGET = 13.5;
				MTL_ENABLE_DEBUG_INFO = NO;
				MTL_FAST_MATH = YES;
				SDKROOT = iphoneos;
				SWIFT_COMPILATION_MODE = wholemodule;
				SWIFT_OPTIMIZATION_LEVEL = "-O";
				VALIDATE_PRODUCT = YES;
			};
			name = Release;
		};
		31E05DC624B3937600768E87 /* Debug */ = {
			isa = XCBuildConfiguration;
			buildSettings = {
				ASSETCATALOG_COMPILER_APPICON_NAME = AppIcon;
				CODE_SIGN_STYLE = Automatic;
				DEVELOPMENT_TEAM = 98BMUDV2YN;
				INFOPLIST_FILE = YouTube/Info.plist;
				LD_RUNPATH_SEARCH_PATHS = (
					"$(inherited)",
					"@executable_path/Frameworks",
				);
				PRODUCT_BUNDLE_IDENTIFIER = com.YouTobe;
				PRODUCT_NAME = YouTobe;
				SWIFT_VERSION = 5.0;
				TARGETED_DEVICE_FAMILY = "1,2";
			};
			name = Debug;
		};
		31E05DC724B3937600768E87 /* Release */ = {
			isa = XCBuildConfiguration;
			buildSettings = {
				ASSETCATALOG_COMPILER_APPICON_NAME = AppIcon;
				CODE_SIGN_STYLE = Automatic;
				DEVELOPMENT_TEAM = 98BMUDV2YN;
				INFOPLIST_FILE = YouTube/Info.plist;
				LD_RUNPATH_SEARCH_PATHS = (
					"$(inherited)",
					"@executable_path/Frameworks",
				);
				PRODUCT_BUNDLE_IDENTIFIER = com.YouTobe;
				PRODUCT_NAME = YouTobe;
				SWIFT_VERSION = 5.0;
				TARGETED_DEVICE_FAMILY = "1,2";
			};
			name = Release;
		};
/* End XCBuildConfiguration section */

/* Begin XCConfigurationList section */
		31E05DAC24B3937100768E87 /* Build configuration list for PBXProject "YouTube" */ = {
			isa = XCConfigurationList;
			buildConfigurations = (
				31E05DC324B3937600768E87 /* Debug */,
				31E05DC424B3937600768E87 /* Release */,
			);
			defaultConfigurationIsVisible = 0;
			defaultConfigurationName = Release;
		};
		31E05DC524B3937600768E87 /* Build configuration list for PBXNativeTarget "YouTube" */ = {
			isa = XCConfigurationList;
			buildConfigurations = (
				31E05DC624B3937600768E87 /* Debug */,
				31E05DC724B3937600768E87 /* Release */,
			);
			defaultConfigurationIsVisible = 0;
			defaultConfigurationName = Release;
		};
/* End XCConfigurationList section */
	};
	rootObject = 31E05DA924B3937100768E87 /* Project object */;
}
